// !$*UTF8*$!
{
	archiveVersion = 1;
	classes = {
	};
	objectVersion = 46;
	objects = {

/* Begin PBXBuildFile section */
		9B3C61B61D8F7D72001D3D69 /* main.m in Sources */ = {isa = PBXBuildFile; fileRef = 9B3C61B51D8F7D72001D3D69 /* main.m */; };
		9B3C61B91D8F7D72001D3D69 /* AppDelegate.m in Sources */ = {isa = PBXBuildFile; fileRef = 9B3C61B81D8F7D72001D3D69 /* AppDelegate.m */; };
		9B3C61BC1D8F7D72001D3D69 /* ViewController.m in Sources */ = {isa = PBXBuildFile; fileRef = 9B3C61BB1D8F7D72001D3D69 /* ViewController.m */; };
		9B3C61BF1D8F7D72001D3D69 /* Main.storyboard in Resources */ = {isa = PBXBuildFile; fileRef = 9B3C61BD1D8F7D72001D3D69 /* Main.storyboard */; };
		9B3C61C11D8F7D72001D3D69 /* Assets.xcassets in Resources */ = {isa = PBXBuildFile; fileRef = 9B3C61C01D8F7D72001D3D69 /* Assets.xcassets */; };
		9B3C61C41D8F7D72001D3D69 /* LaunchScreen.storyboard in Resources */ = {isa = PBXBuildFile; fileRef = 9B3C61C21D8F7D72001D3D69 /* LaunchScreen.storyboard */; };
		9B3C61CF1D8F7D72001D3D69 /* TimerTests.m in Sources */ = {isa = PBXBuildFile; fileRef = 9B3C61CE1D8F7D72001D3D69 /* TimerTests.m */; };
		9B3C62251D8F7FBA001D3D69 /* 1.jpg in Resources */ = {isa = PBXBuildFile; fileRef = 9B3C61DA1D8F7FBA001D3D69 /* 1.jpg */; };
		9B3C62261D8F7FBA001D3D69 /* 10.jpg in Resources */ = {isa = PBXBuildFile; fileRef = 9B3C61DB1D8F7FBA001D3D69 /* 10.jpg */; };
		9B3C62271D8F7FBA001D3D69 /* 11.jpg in Resources */ = {isa = PBXBuildFile; fileRef = 9B3C61DC1D8F7FBA001D3D69 /* 11.jpg */; };
		9B3C62281D8F7FBA001D3D69 /* 12.jpg in Resources */ = {isa = PBXBuildFile; fileRef = 9B3C61DD1D8F7FBA001D3D69 /* 12.jpg */; };
		9B3C62291D8F7FBA001D3D69 /* 13.jpg in Resources */ = {isa = PBXBuildFile; fileRef = 9B3C61DE1D8F7FBA001D3D69 /* 13.jpg */; };
		9B3C622A1D8F7FBA001D3D69 /* 14.jpg in Resources */ = {isa = PBXBuildFile; fileRef = 9B3C61DF1D8F7FBA001D3D69 /* 14.jpg */; };
		9B3C622B1D8F7FBA001D3D69 /* 15.jpg in Resources */ = {isa = PBXBuildFile; fileRef = 9B3C61E01D8F7FBA001D3D69 /* 15.jpg */; };
		9B3C622C1D8F7FBA001D3D69 /* 16.jpg in Resources */ = {isa = PBXBuildFile; fileRef = 9B3C61E11D8F7FBA001D3D69 /* 16.jpg */; };
		9B3C622D1D8F7FBA001D3D69 /* 17.jpg in Resources */ = {isa = PBXBuildFile; fileRef = 9B3C61E21D8F7FBA001D3D69 /* 17.jpg */; };
		9B3C622E1D8F7FBA001D3D69 /* 18.jpg in Resources */ = {isa = PBXBuildFile; fileRef = 9B3C61E31D8F7FBA001D3D69 /* 18.jpg */; };
		9B3C622F1D8F7FBA001D3D69 /* 19.jpg in Resources */ = {isa = PBXBuildFile; fileRef = 9B3C61E41D8F7FBA001D3D69 /* 19.jpg */; };
		9B3C62301D8F7FBA001D3D69 /* 2.jpg in Resources */ = {isa = PBXBuildFile; fileRef = 9B3C61E51D8F7FBA001D3D69 /* 2.jpg */; };
		9B3C62311D8F7FBA001D3D69 /* 20.jpg in Resources */ = {isa = PBXBuildFile; fileRef = 9B3C61E61D8F7FBA001D3D69 /* 20.jpg */; };
		9B3C62321D8F7FBA001D3D69 /* 21.jpg in Resources */ = {isa = PBXBuildFile; fileRef = 9B3C61E71D8F7FBA001D3D69 /* 21.jpg */; };
		9B3C62331D8F7FBA001D3D69 /* 22.jpg in Resources */ = {isa = PBXBuildFile; fileRef = 9B3C61E81D8F7FBA001D3D69 /* 22.jpg */; };
		9B3C62341D8F7FBA001D3D69 /* 23.jpg in Resources */ = {isa = PBXBuildFile; fileRef = 9B3C61E91D8F7FBA001D3D69 /* 23.jpg */; };
		9B3C62351D8F7FBA001D3D69 /* 24.jpg in Resources */ = {isa = PBXBuildFile; fileRef = 9B3C61EA1D8F7FBA001D3D69 /* 24.jpg */; };
		9B3C62361D8F7FBA001D3D69 /* 25.jpg in Resources */ = {isa = PBXBuildFile; fileRef = 9B3C61EB1D8F7FBA001D3D69 /* 25.jpg */; };
		9B3C62371D8F7FBA001D3D69 /* 26.jpg in Resources */ = {isa = PBXBuildFile; fileRef = 9B3C61EC1D8F7FBA001D3D69 /* 26.jpg */; };
		9B3C62381D8F7FBA001D3D69 /* 27.jpg in Resources */ = {isa = PBXBuildFile; fileRef = 9B3C61ED1D8F7FBA001D3D69 /* 27.jpg */; };
		9B3C62391D8F7FBA001D3D69 /* 28.jpg in Resources */ = {isa = PBXBuildFile; fileRef = 9B3C61EE1D8F7FBA001D3D69 /* 28.jpg */; };
		9B3C623A1D8F7FBA001D3D69 /* 29.jpg in Resources */ = {isa = PBXBuildFile; fileRef = 9B3C61EF1D8F7FBA001D3D69 /* 29.jpg */; };
		9B3C623B1D8F7FBA001D3D69 /* 3.jpg in Resources */ = {isa = PBXBuildFile; fileRef = 9B3C61F01D8F7FBA001D3D69 /* 3.jpg */; };
		9B3C623C1D8F7FBA001D3D69 /* 30.jpg in Resources */ = {isa = PBXBuildFile; fileRef = 9B3C61F11D8F7FBA001D3D69 /* 30.jpg */; };
		9B3C623D1D8F7FBA001D3D69 /* 31.jpg in Resources */ = {isa = PBXBuildFile; fileRef = 9B3C61F21D8F7FBA001D3D69 /* 31.jpg */; };
		9B3C623E1D8F7FBA001D3D69 /* 32.jpg in Resources */ = {isa = PBXBuildFile; fileRef = 9B3C61F31D8F7FBA001D3D69 /* 32.jpg */; };
		9B3C623F1D8F7FBA001D3D69 /* 33.jpg in Resources */ = {isa = PBXBuildFile; fileRef = 9B3C61F41D8F7FBA001D3D69 /* 33.jpg */; };
		9B3C62401D8F7FBA001D3D69 /* 34.jpg in Resources */ = {isa = PBXBuildFile; fileRef = 9B3C61F51D8F7FBA001D3D69 /* 34.jpg */; };
		9B3C62411D8F7FBA001D3D69 /* 35.jpg in Resources */ = {isa = PBXBuildFile; fileRef = 9B3C61F61D8F7FBA001D3D69 /* 35.jpg */; };
		9B3C62421D8F7FBA001D3D69 /* 36.jpg in Resources */ = {isa = PBXBuildFile; fileRef = 9B3C61F71D8F7FBA001D3D69 /* 36.jpg */; };
		9B3C62431D8F7FBA001D3D69 /* 37.jpg in Resources */ = {isa = PBXBuildFile; fileRef = 9B3C61F81D8F7FBA001D3D69 /* 37.jpg */; };
		9B3C62441D8F7FBA001D3D69 /* 38.jpg in Resources */ = {isa = PBXBuildFile; fileRef = 9B3C61F91D8F7FBA001D3D69 /* 38.jpg */; };
		9B3C62451D8F7FBA001D3D69 /* 39.jpg in Resources */ = {isa = PBXBuildFile; fileRef = 9B3C61FA1D8F7FBA001D3D69 /* 39.jpg */; };
		9B3C62461D8F7FBA001D3D69 /* 4.jpg in Resources */ = {isa = PBXBuildFile; fileRef = 9B3C61FB1D8F7FBA001D3D69 /* 4.jpg */; };
		9B3C62471D8F7FBA001D3D69 /* 40.jpg in Resources */ = {isa = PBXBuildFile; fileRef = 9B3C61FC1D8F7FBA001D3D69 /* 40.jpg */; };
		9B3C62481D8F7FBA001D3D69 /* 41.jpg in Resources */ = {isa = PBXBuildFile; fileRef = 9B3C61FD1D8F7FBA001D3D69 /* 41.jpg */; };
		9B3C62491D8F7FBA001D3D69 /* 42.jpg in Resources */ = {isa = PBXBuildFile; fileRef = 9B3C61FE1D8F7FBA001D3D69 /* 42.jpg */; };
		9B3C624A1D8F7FBA001D3D69 /* 43.jpg in Resources */ = {isa = PBXBuildFile; fileRef = 9B3C61FF1D8F7FBA001D3D69 /* 43.jpg */; };
		9B3C624B1D8F7FBA001D3D69 /* 44.jpg in Resources */ = {isa = PBXBuildFile; fileRef = 9B3C62001D8F7FBA001D3D69 /* 44.jpg */; };
		9B3C624C1D8F7FBA001D3D69 /* 45.jpg in Resources */ = {isa = PBXBuildFile; fileRef = 9B3C62011D8F7FBA001D3D69 /* 45.jpg */; };
		9B3C624D1D8F7FBA001D3D69 /* 46.jpg in Resources */ = {isa = PBXBuildFile; fileRef = 9B3C62021D8F7FBA001D3D69 /* 46.jpg */; };
		9B3C624E1D8F7FBA001D3D69 /* 47.jpg in Resources */ = {isa = PBXBuildFile; fileRef = 9B3C62031D8F7FBA001D3D69 /* 47.jpg */; };
		9B3C624F1D8F7FBA001D3D69 /* 48.jpg in Resources */ = {isa = PBXBuildFile; fileRef = 9B3C62041D8F7FBA001D3D69 /* 48.jpg */; };
		9B3C62501D8F7FBA001D3D69 /* 49.jpg in Resources */ = {isa = PBXBuildFile; fileRef = 9B3C62051D8F7FBA001D3D69 /* 49.jpg */; };
		9B3C62511D8F7FBA001D3D69 /* 5.jpg in Resources */ = {isa = PBXBuildFile; fileRef = 9B3C62061D8F7FBA001D3D69 /* 5.jpg */; };
		9B3C62521D8F7FBA001D3D69 /* 50.jpg in Resources */ = {isa = PBXBuildFile; fileRef = 9B3C62071D8F7FBA001D3D69 /* 50.jpg */; };
		9B3C62531D8F7FBA001D3D69 /* 51.jpg in Resources */ = {isa = PBXBuildFile; fileRef = 9B3C62081D8F7FBA001D3D69 /* 51.jpg */; };
		9B3C62541D8F7FBA001D3D69 /* 52.jpg in Resources */ = {isa = PBXBuildFile; fileRef = 9B3C62091D8F7FBA001D3D69 /* 52.jpg */; };
		9B3C62551D8F7FBA001D3D69 /* 53.jpg in Resources */ = {isa = PBXBuildFile; fileRef = 9B3C620A1D8F7FBA001D3D69 /* 53.jpg */; };
		9B3C62561D8F7FBA001D3D69 /* 54.jpg in Resources */ = {isa = PBXBuildFile; fileRef = 9B3C620B1D8F7FBA001D3D69 /* 54.jpg */; };
		9B3C62571D8F7FBA001D3D69 /* 55.jpg in Resources */ = {isa = PBXBuildFile; fileRef = 9B3C620C1D8F7FBA001D3D69 /* 55.jpg */; };
		9B3C62581D8F7FBA001D3D69 /* 56.jpg in Resources */ = {isa = PBXBuildFile; fileRef = 9B3C620D1D8F7FBA001D3D69 /* 56.jpg */; };
		9B3C62591D8F7FBA001D3D69 /* 57.jpg in Resources */ = {isa = PBXBuildFile; fileRef = 9B3C620E1D8F7FBA001D3D69 /* 57.jpg */; };
		9B3C625A1D8F7FBA001D3D69 /* 58.jpg in Resources */ = {isa = PBXBuildFile; fileRef = 9B3C620F1D8F7FBA001D3D69 /* 58.jpg */; };
		9B3C625B1D8F7FBA001D3D69 /* 59.jpg in Resources */ = {isa = PBXBuildFile; fileRef = 9B3C62101D8F7FBA001D3D69 /* 59.jpg */; };
		9B3C625C1D8F7FBA001D3D69 /* 6.jpg in Resources */ = {isa = PBXBuildFile; fileRef = 9B3C62111D8F7FBA001D3D69 /* 6.jpg */; };
		9B3C625D1D8F7FBA001D3D69 /* 60.jpg in Resources */ = {isa = PBXBuildFile; fileRef = 9B3C62121D8F7FBA001D3D69 /* 60.jpg */; };
		9B3C625E1D8F7FBA001D3D69 /* 61.jpg in Resources */ = {isa = PBXBuildFile; fileRef = 9B3C62131D8F7FBA001D3D69 /* 61.jpg */; };
		9B3C625F1D8F7FBA001D3D69 /* 62.jpg in Resources */ = {isa = PBXBuildFile; fileRef = 9B3C62141D8F7FBA001D3D69 /* 62.jpg */; };
		9B3C62601D8F7FBA001D3D69 /* 63.jpg in Resources */ = {isa = PBXBuildFile; fileRef = 9B3C62151D8F7FBA001D3D69 /* 63.jpg */; };
		9B3C62611D8F7FBA001D3D69 /* 64.jpg in Resources */ = {isa = PBXBuildFile; fileRef = 9B3C62161D8F7FBA001D3D69 /* 64.jpg */; };
		9B3C62621D8F7FBA001D3D69 /* 65.jpg in Resources */ = {isa = PBXBuildFile; fileRef = 9B3C62171D8F7FBA001D3D69 /* 65.jpg */; };
		9B3C62631D8F7FBA001D3D69 /* 66.jpg in Resources */ = {isa = PBXBuildFile; fileRef = 9B3C62181D8F7FBA001D3D69 /* 66.jpg */; };
		9B3C62641D8F7FBA001D3D69 /* 67.jpg in Resources */ = {isa = PBXBuildFile; fileRef = 9B3C62191D8F7FBA001D3D69 /* 67.jpg */; };
		9B3C62651D8F7FBA001D3D69 /* 68.jpg in Resources */ = {isa = PBXBuildFile; fileRef = 9B3C621A1D8F7FBA001D3D69 /* 68.jpg */; };
		9B3C62661D8F7FBA001D3D69 /* 69.jpg in Resources */ = {isa = PBXBuildFile; fileRef = 9B3C621B1D8F7FBA001D3D69 /* 69.jpg */; };
		9B3C62671D8F7FBA001D3D69 /* 7.jpg in Resources */ = {isa = PBXBuildFile; fileRef = 9B3C621C1D8F7FBA001D3D69 /* 7.jpg */; };
		9B3C62681D8F7FBA001D3D69 /* 70.jpg in Resources */ = {isa = PBXBuildFile; fileRef = 9B3C621D1D8F7FBA001D3D69 /* 70.jpg */; };
		9B3C62691D8F7FBA001D3D69 /* 71.jpg in Resources */ = {isa = PBXBuildFile; fileRef = 9B3C621E1D8F7FBA001D3D69 /* 71.jpg */; };
		9B3C626A1D8F7FBA001D3D69 /* 72.jpg in Resources */ = {isa = PBXBuildFile; fileRef = 9B3C621F1D8F7FBA001D3D69 /* 72.jpg */; };
		9B3C626B1D8F7FBA001D3D69 /* 73.jpg in Resources */ = {isa = PBXBuildFile; fileRef = 9B3C62201D8F7FBA001D3D69 /* 73.jpg */; };
		9B3C626C1D8F7FBA001D3D69 /* 74.jpg in Resources */ = {isa = PBXBuildFile; fileRef = 9B3C62211D8F7FBA001D3D69 /* 74.jpg */; };
		9B3C626D1D8F7FBA001D3D69 /* 75.jpg in Resources */ = {isa = PBXBuildFile; fileRef = 9B3C62221D8F7FBA001D3D69 /* 75.jpg */; };
		9B3C626E1D8F7FBA001D3D69 /* 8.jpg in Resources */ = {isa = PBXBuildFile; fileRef = 9B3C62231D8F7FBA001D3D69 /* 8.jpg */; };
		9B3C626F1D8F7FBA001D3D69 /* 9.jpg in Resources */ = {isa = PBXBuildFile; fileRef = 9B3C62241D8F7FBA001D3D69 /* 9.jpg */; };
		9BA274921D912399005B62AC /* RunloopViewController.m in Sources */ = {isa = PBXBuildFile; fileRef = 9BA274911D912399005B62AC /* RunloopViewController.m */; };
/* End PBXBuildFile section */

/* Begin PBXContainerItemProxy section */
		9B3C61CB1D8F7D72001D3D69 /* PBXContainerItemProxy */ = {
			isa = PBXContainerItemProxy;
			containerPortal = 9B3C61A91D8F7D72001D3D69 /* Project object */;
			proxyType = 1;
			remoteGlobalIDString = 9B3C61B01D8F7D72001D3D69;
			remoteInfo = Timer;
		};
/* End PBXContainerItemProxy section */

/* Begin PBXFileReference section */
		9B3C61B11D8F7D72001D3D69 /* Timer.app */ = {isa = PBXFileReference; explicitFileType = wrapper.application; includeInIndex = 0; path = Timer.app; sourceTree = BUILT_PRODUCTS_DIR; };
		9B3C61B51D8F7D72001D3D69 /* main.m */ = {isa = PBXFileReference; lastKnownFileType = sourcecode.c.objc; path = main.m; sourceTree = "<group>"; };
		9B3C61B71D8F7D72001D3D69 /* AppDelegate.h */ = {isa = PBXFileReference; lastKnownFileType = sourcecode.c.h; path = AppDelegate.h; sourceTree = "<group>"; };
		9B3C61B81D8F7D72001D3D69 /* AppDelegate.m */ = {isa = PBXFileReference; lastKnownFileType = sourcecode.c.objc; path = AppDelegate.m; sourceTree = "<group>"; };
		9B3C61BA1D8F7D72001D3D69 /* ViewController.h */ = {isa = PBXFileReference; lastKnownFileType = sourcecode.c.h; path = ViewController.h; sourceTree = "<group>"; };
		9B3C61BB1D8F7D72001D3D69 /* ViewController.m */ = {isa = PBXFileReference; lastKnownFileType = sourcecode.c.objc; path = ViewController.m; sourceTree = "<group>"; };
		9B3C61BE1D8F7D72001D3D69 /* Base */ = {isa = PBXFileReference; lastKnownFileType = file.storyboard; name = Base; path = Base.lproj/Main.storyboard; sourceTree = "<group>"; };
		9B3C61C01D8F7D72001D3D69 /* Assets.xcassets */ = {isa = PBXFileReference; lastKnownFileType = folder.assetcatalog; path = Assets.xcassets; sourceTree = "<group>"; };
		9B3C61C31D8F7D72001D3D69 /* Base */ = {isa = PBXFileReference; lastKnownFileType = file.storyboard; name = Base; path = Base.lproj/LaunchScreen.storyboard; sourceTree = "<group>"; };
		9B3C61C51D8F7D72001D3D69 /* Info.plist */ = {isa = PBXFileReference; lastKnownFileType = text.plist.xml; path = Info.plist; sourceTree = "<group>"; };
		9B3C61CA1D8F7D72001D3D69 /* TimerTests.xctest */ = {isa = PBXFileReference; explicitFileType = wrapper.cfbundle; includeInIndex = 0; path = TimerTests.xctest; sourceTree = BUILT_PRODUCTS_DIR; };
		9B3C61CE1D8F7D72001D3D69 /* TimerTests.m */ = {isa = PBXFileReference; lastKnownFileType = sourcecode.c.objc; path = TimerTests.m; sourceTree = "<group>"; };
		9B3C61D01D8F7D72001D3D69 /* Info.plist */ = {isa = PBXFileReference; lastKnownFileType = text.plist.xml; path = Info.plist; sourceTree = "<group>"; };
		9B3C61DA1D8F7FBA001D3D69 /* 1.jpg */ = {isa = PBXFileReference; lastKnownFileType = image.jpeg; path = 1.jpg; sourceTree = "<group>"; };
		9B3C61DB1D8F7FBA001D3D69 /* 10.jpg */ = {isa = PBXFileReference; lastKnownFileType = image.jpeg; path = 10.jpg; sourceTree = "<group>"; };
		9B3C61DC1D8F7FBA001D3D69 /* 11.jpg */ = {isa = PBXFileReference; lastKnownFileType = image.jpeg; path = 11.jpg; sourceTree = "<group>"; };
		9B3C61DD1D8F7FBA001D3D69 /* 12.jpg */ = {isa = PBXFileReference; lastKnownFileType = image.jpeg; path = 12.jpg; sourceTree = "<group>"; };
		9B3C61DE1D8F7FBA001D3D69 /* 13.jpg */ = {isa = PBXFileReference; lastKnownFileType = image.jpeg; path = 13.jpg; sourceTree = "<group>"; };
		9B3C61DF1D8F7FBA001D3D69 /* 14.jpg */ = {isa = PBXFileReference; lastKnownFileType = image.jpeg; path = 14.jpg; sourceTree = "<group>"; };
		9B3C61E01D8F7FBA001D3D69 /* 15.jpg */ = {isa = PBXFileReference; lastKnownFileType = image.jpeg; path = 15.jpg; sourceTree = "<group>"; };
		9B3C61E11D8F7FBA001D3D69 /* 16.jpg */ = {isa = PBXFileReference; lastKnownFileType = image.jpeg; path = 16.jpg; sourceTree = "<group>"; };
		9B3C61E21D8F7FBA001D3D69 /* 17.jpg */ = {isa = PBXFileReference; lastKnownFileType = image.jpeg; path = 17.jpg; sourceTree = "<group>"; };
		9B3C61E31D8F7FBA001D3D69 /* 18.jpg */ = {isa = PBXFileReference; lastKnownFileType = image.jpeg; path = 18.jpg; sourceTree = "<group>"; };
		9B3C61E41D8F7FBA001D3D69 /* 19.jpg */ = {isa = PBXFileReference; lastKnownFileType = image.jpeg; path = 19.jpg; sourceTree = "<group>"; };
		9B3C61E51D8F7FBA001D3D69 /* 2.jpg */ = {isa = PBXFileReference; lastKnownFileType = image.jpeg; path = 2.jpg; sourceTree = "<group>"; };
		9B3C61E61D8F7FBA001D3D69 /* 20.jpg */ = {isa = PBXFileReference; lastKnownFileType = image.jpeg; path = 20.jpg; sourceTree = "<group>"; };
		9B3C61E71D8F7FBA001D3D69 /* 21.jpg */ = {isa = PBXFileReference; lastKnownFileType = image.jpeg; path = 21.jpg; sourceTree = "<group>"; };
		9B3C61E81D8F7FBA001D3D69 /* 22.jpg */ = {isa = PBXFileReference; lastKnownFileType = image.jpeg; path = 22.jpg; sourceTree = "<group>"; };
		9B3C61E91D8F7FBA001D3D69 /* 23.jpg */ = {isa = PBXFileReference; lastKnownFileType = image.jpeg; path = 23.jpg; sourceTree = "<group>"; };
		9B3C61EA1D8F7FBA001D3D69 /* 24.jpg */ = {isa = PBXFileReference; lastKnownFileType = image.jpeg; path = 24.jpg; sourceTree = "<group>"; };
		9B3C61EB1D8F7FBA001D3D69 /* 25.jpg */ = {isa = PBXFileReference; lastKnownFileType = image.jpeg; path = 25.jpg; sourceTree = "<group>"; };
		9B3C61EC1D8F7FBA001D3D69 /* 26.jpg */ = {isa = PBXFileReference; lastKnownFileType = image.jpeg; path = 26.jpg; sourceTree = "<group>"; };
		9B3C61ED1D8F7FBA001D3D69 /* 27.jpg */ = {isa = PBXFileReference; lastKnownFileType = image.jpeg; path = 27.jpg; sourceTree = "<group>"; };
		9B3C61EE1D8F7FBA001D3D69 /* 28.jpg */ = {isa = PBXFileReference; lastKnownFileType = image.jpeg; path = 28.jpg; sourceTree = "<group>"; };
		9B3C61EF1D8F7FBA001D3D69 /* 29.jpg */ = {isa = PBXFileReference; lastKnownFileType = image.jpeg; path = 29.jpg; sourceTree = "<group>"; };
		9B3C61F01D8F7FBA001D3D69 /* 3.jpg */ = {isa = PBXFileReference; lastKnownFileType = image.jpeg; path = 3.jpg; sourceTree = "<group>"; };
		9B3C61F11D8F7FBA001D3D69 /* 30.jpg */ = {isa = PBXFileReference; lastKnownFileType = image.jpeg; path = 30.jpg; sourceTree = "<group>"; };
		9B3C61F21D8F7FBA001D3D69 /* 31.jpg */ = {isa = PBXFileReference; lastKnownFileType = image.jpeg; path = 31.jpg; sourceTree = "<group>"; };
		9B3C61F31D8F7FBA001D3D69 /* 32.jpg */ = {isa = PBXFileReference; lastKnownFileType = image.jpeg; path = 32.jpg; sourceTree = "<group>"; };
		9B3C61F41D8F7FBA001D3D69 /* 33.jpg */ = {isa = PBXFileReference; lastKnownFileType = image.jpeg; path = 33.jpg; sourceTree = "<group>"; };
		9B3C61F51D8F7FBA001D3D69 /* 34.jpg */ = {isa = PBXFileReference; lastKnownFileType = image.jpeg; path = 34.jpg; sourceTree = "<group>"; };
		9B3C61F61D8F7FBA001D3D69 /* 35.jpg */ = {isa = PBXFileReference; lastKnownFileType = image.jpeg; path = 35.jpg; sourceTree = "<group>"; };
		9B3C61F71D8F7FBA001D3D69 /* 36.jpg */ = {isa = PBXFileReference; lastKnownFileType = image.jpeg; path = 36.jpg; sourceTree = "<group>"; };
		9B3C61F81D8F7FBA001D3D69 /* 37.jpg */ = {isa = PBXFileReference; lastKnownFileType = image.jpeg; path = 37.jpg; sourceTree = "<group>"; };
		9B3C61F91D8F7FBA001D3D69 /* 38.jpg */ = {isa = PBXFileReference; lastKnownFileType = image.jpeg; path = 38.jpg; sourceTree = "<group>"; };
		9B3C61FA1D8F7FBA001D3D69 /* 39.jpg */ = {isa = PBXFileReference; lastKnownFileType = image.jpeg; path = 39.jpg; sourceTree = "<group>"; };
		9B3C61FB1D8F7FBA001D3D69 /* 4.jpg */ = {isa = PBXFileReference; lastKnownFileType = image.jpeg; path = 4.jpg; sourceTree = "<group>"; };
		9B3C61FC1D8F7FBA001D3D69 /* 40.jpg */ = {isa = PBXFileReference; lastKnownFileType = image.jpeg; path = 40.jpg; sourceTree = "<group>"; };
		9B3C61FD1D8F7FBA001D3D69 /* 41.jpg */ = {isa = PBXFileReference; lastKnownFileType = image.jpeg; path = 41.jpg; sourceTree = "<group>"; };
		9B3C61FE1D8F7FBA001D3D69 /* 42.jpg */ = {isa = PBXFileReference; lastKnownFileType = image.jpeg; path = 42.jpg; sourceTree = "<group>"; };
		9B3C61FF1D8F7FBA001D3D69 /* 43.jpg */ = {isa = PBXFileReference; lastKnownFileType = image.jpeg; path = 43.jpg; sourceTree = "<group>"; };
		9B3C62001D8F7FBA001D3D69 /* 44.jpg */ = {isa = PBXFileReference; lastKnownFileType = image.jpeg; path = 44.jpg; sourceTree = "<group>"; };
		9B3C62011D8F7FBA001D3D69 /* 45.jpg */ = {isa = PBXFileReference; lastKnownFileType = image.jpeg; path = 45.jpg; sourceTree = "<group>"; };
		9B3C62021D8F7FBA001D3D69 /* 46.jpg */ = {isa = PBXFileReference; lastKnownFileType = image.jpeg; path = 46.jpg; sourceTree = "<group>"; };
		9B3C62031D8F7FBA001D3D69 /* 47.jpg */ = {isa = PBXFileReference; lastKnownFileType = image.jpeg; path = 47.jpg; sourceTree = "<group>"; };
		9B3C62041D8F7FBA001D3D69 /* 48.jpg */ = {isa = PBXFileReference; lastKnownFileType = image.jpeg; path = 48.jpg; sourceTree = "<group>"; };
		9B3C62051D8F7FBA001D3D69 /* 49.jpg */ = {isa = PBXFileReference; lastKnownFileType = image.jpeg; path = 49.jpg; sourceTree = "<group>"; };
		9B3C62061D8F7FBA001D3D69 /* 5.jpg */ = {isa = PBXFileReference; lastKnownFileType = image.jpeg; path = 5.jpg; sourceTree = "<group>"; };
		9B3C62071D8F7FBA001D3D69 /* 50.jpg */ = {isa = PBXFileReference; lastKnownFileType = image.jpeg; path = 50.jpg; sourceTree = "<group>"; };
		9B3C62081D8F7FBA001D3D69 /* 51.jpg */ = {isa = PBXFileReference; lastKnownFileType = image.jpeg; path = 51.jpg; sourceTree = "<group>"; };
		9B3C62091D8F7FBA001D3D69 /* 52.jpg */ = {isa = PBXFileReference; lastKnownFileType = image.jpeg; path = 52.jpg; sourceTree = "<group>"; };
		9B3C620A1D8F7FBA001D3D69 /* 53.jpg */ = {isa = PBXFileReference; lastKnownFileType = image.jpeg; path = 53.jpg; sourceTree = "<group>"; };
		9B3C620B1D8F7FBA001D3D69 /* 54.jpg */ = {isa = PBXFileReference; lastKnownFileType = image.jpeg; path = 54.jpg; sourceTree = "<group>"; };
		9B3C620C1D8F7FBA001D3D69 /* 55.jpg */ = {isa = PBXFileReference; lastKnownFileType = image.jpeg; path = 55.jpg; sourceTree = "<group>"; };
		9B3C620D1D8F7FBA001D3D69 /* 56.jpg */ = {isa = PBXFileReference; lastKnownFileType = image.jpeg; path = 56.jpg; sourceTree = "<group>"; };
		9B3C620E1D8F7FBA001D3D69 /* 57.jpg */ = {isa = PBXFileReference; lastKnownFileType = image.jpeg; path = 57.jpg; sourceTree = "<group>"; };
		9B3C620F1D8F7FBA001D3D69 /* 58.jpg */ = {isa = PBXFileReference; lastKnownFileType = image.jpeg; path = 58.jpg; sourceTree = "<group>"; };
		9B3C62101D8F7FBA001D3D69 /* 59.jpg */ = {isa = PBXFileReference; lastKnownFileType = image.jpeg; path = 59.jpg; sourceTree = "<group>"; };
		9B3C62111D8F7FBA001D3D69 /* 6.jpg */ = {isa = PBXFileReference; lastKnownFileType = image.jpeg; path = 6.jpg; sourceTree = "<group>"; };
		9B3C62121D8F7FBA001D3D69 /* 60.jpg */ = {isa = PBXFileReference; lastKnownFileType = image.jpeg; path = 60.jpg; sourceTree = "<group>"; };
		9B3C62131D8F7FBA001D3D69 /* 61.jpg */ = {isa = PBXFileReference; lastKnownFileType = image.jpeg; path = 61.jpg; sourceTree = "<group>"; };
		9B3C62141D8F7FBA001D3D69 /* 62.jpg */ = {isa = PBXFileReference; lastKnownFileType = image.jpeg; path = 62.jpg; sourceTree = "<group>"; };
		9B3C62151D8F7FBA001D3D69 /* 63.jpg */ = {isa = PBXFileReference; lastKnownFileType = image.jpeg; path = 63.jpg; sourceTree = "<group>"; };
		9B3C62161D8F7FBA001D3D69 /* 64.jpg */ = {isa = PBXFileReference; lastKnownFileType = image.jpeg; path = 64.jpg; sourceTree = "<group>"; };
		9B3C62171D8F7FBA001D3D69 /* 65.jpg */ = {isa = PBXFileReference; lastKnownFileType = image.jpeg; path = 65.jpg; sourceTree = "<group>"; };
		9B3C62181D8F7FBA001D3D69 /* 66.jpg */ = {isa = PBXFileReference; lastKnownFileType = image.jpeg; path = 66.jpg; sourceTree = "<group>"; };
		9B3C62191D8F7FBA001D3D69 /* 67.jpg */ = {isa = PBXFileReference; lastKnownFileType = image.jpeg; path = 67.jpg; sourceTree = "<group>"; };
		9B3C621A1D8F7FBA001D3D69 /* 68.jpg */ = {isa = PBXFileReference; lastKnownFileType = image.jpeg; path = 68.jpg; sourceTree = "<group>"; };
		9B3C621B1D8F7FBA001D3D69 /* 69.jpg */ = {isa = PBXFileReference; lastKnownFileType = image.jpeg; path = 69.jpg; sourceTree = "<group>"; };
		9B3C621C1D8F7FBA001D3D69 /* 7.jpg */ = {isa = PBXFileReference; lastKnownFileType = image.jpeg; path = 7.jpg; sourceTree = "<group>"; };
		9B3C621D1D8F7FBA001D3D69 /* 70.jpg */ = {isa = PBXFileReference; lastKnownFileType = image.jpeg; path = 70.jpg; sourceTree = "<group>"; };
		9B3C621E1D8F7FBA001D3D69 /* 71.jpg */ = {isa = PBXFileReference; lastKnownFileType = image.jpeg; path = 71.jpg; sourceTree = "<group>"; };
		9B3C621F1D8F7FBA001D3D69 /* 72.jpg */ = {isa = PBXFileReference; lastKnownFileType = image.jpeg; path = 72.jpg; sourceTree = "<group>"; };
		9B3C62201D8F7FBA001D3D69 /* 73.jpg */ = {isa = PBXFileReference; lastKnownFileType = image.jpeg; path = 73.jpg; sourceTree = "<group>"; };
		9B3C62211D8F7FBA001D3D69 /* 74.jpg */ = {isa = PBXFileReference; lastKnownFileType = image.jpeg; path = 74.jpg; sourceTree = "<group>"; };
		9B3C62221D8F7FBA001D3D69 /* 75.jpg */ = {isa = PBXFileReference; lastKnownFileType = image.jpeg; path = 75.jpg; sourceTree = "<group>"; };
		9B3C62231D8F7FBA001D3D69 /* 8.jpg */ = {isa = PBXFileReference; lastKnownFileType = image.jpeg; path = 8.jpg; sourceTree = "<group>"; };
		9B3C62241D8F7FBA001D3D69 /* 9.jpg */ = {isa = PBXFileReference; lastKnownFileType = image.jpeg; path = 9.jpg; sourceTree = "<group>"; };
		9BA274901D912399005B62AC /* RunloopViewController.h */ = {isa = PBXFileReference; fileEncoding = 4; lastKnownFileType = sourcecode.c.h; path = RunloopViewController.h; sourceTree = "<group>"; };
		9BA274911D912399005B62AC /* RunloopViewController.m */ = {isa = PBXFileReference; fileEncoding = 4; lastKnownFileType = sourcecode.c.objc; path = RunloopViewController.m; sourceTree = "<group>"; };
/* End PBXFileReference section */

/* Begin PBXFrameworksBuildPhase section */
		9B3C61AE1D8F7D72001D3D69 /* Frameworks */ = {
			isa = PBXFrameworksBuildPhase;
			buildActionMask = 2147483647;
			files = (
			);
			runOnlyForDeploymentPostprocessing = 0;
		};
		9B3C61C71D8F7D72001D3D69 /* Frameworks */ = {
			isa = PBXFrameworksBuildPhase;
			buildActionMask = 2147483647;
			files = (
			);
			runOnlyForDeploymentPostprocessing = 0;
		};
/* End PBXFrameworksBuildPhase section */

/* Begin PBXGroup section */
		9B3C61A81D8F7D72001D3D69 = {
			isa = PBXGroup;
			children = (
				9B3C61B31D8F7D72001D3D69 /* Timer */,
				9B3C61CD1D8F7D72001D3D69 /* TimerTests */,
				9B3C61B21D8F7D72001D3D69 /* Products */,
			);
			sourceTree = "<group>";
		};
		9B3C61B21D8F7D72001D3D69 /* Products */ = {
			isa = PBXGroup;
			children = (
				9B3C61B11D8F7D72001D3D69 /* Timer.app */,
				9B3C61CA1D8F7D72001D3D69 /* TimerTests.xctest */,
			);
			name = Products;
			sourceTree = "<group>";
		};
		9B3C61B31D8F7D72001D3D69 /* Timer */ = {
			isa = PBXGroup;
			children = (
				9B3C61B71D8F7D72001D3D69 /* AppDelegate.h */,
				9B3C61B81D8F7D72001D3D69 /* AppDelegate.m */,
				9B3C61BA1D8F7D72001D3D69 /* ViewController.h */,
				9B3C61BB1D8F7D72001D3D69 /* ViewController.m */,
				9B3C61BD1D8F7D72001D3D69 /* Main.storyboard */,
				9BA274901D912399005B62AC /* RunloopViewController.h */,
				9BA274911D912399005B62AC /* RunloopViewController.m */,
				9B3C61C01D8F7D72001D3D69 /* Assets.xcassets */,
				9B3C61C21D8F7D72001D3D69 /* LaunchScreen.storyboard */,
				9B3C61C51D8F7D72001D3D69 /* Info.plist */,
				9B3C61D91D8F7FBA001D3D69 /* 1_gif */,
				9B3C61B41D8F7D72001D3D69 /* Supporting Files */,
			);
			path = Timer;
			sourceTree = "<group>";
		};
		9B3C61B41D8F7D72001D3D69 /* Supporting Files */ = {
			isa = PBXGroup;
			children = (
				9B3C61B51D8F7D72001D3D69 /* main.m */,
			);
			name = "Supporting Files";
			sourceTree = "<group>";
		};
		9B3C61CD1D8F7D72001D3D69 /* TimerTests */ = {
			isa = PBXGroup;
			children = (
				9B3C61CE1D8F7D72001D3D69 /* TimerTests.m */,
				9B3C61D01D8F7D72001D3D69 /* Info.plist */,
			);
			path = TimerTests;
			sourceTree = "<group>";
		};
		9B3C61D91D8F7FBA001D3D69 /* 1_gif */ = {
			isa = PBXGroup;
			children = (
				9B3C61DA1D8F7FBA001D3D69 /* 1.jpg */,
				9B3C61DB1D8F7FBA001D3D69 /* 10.jpg */,
				9B3C61DC1D8F7FBA001D3D69 /* 11.jpg */,
				9B3C61DD1D8F7FBA001D3D69 /* 12.jpg */,
				9B3C61DE1D8F7FBA001D3D69 /* 13.jpg */,
				9B3C61DF1D8F7FBA001D3D69 /* 14.jpg */,
				9B3C61E01D8F7FBA001D3D69 /* 15.jpg */,
				9B3C61E11D8F7FBA001D3D69 /* 16.jpg */,
				9B3C61E21D8F7FBA001D3D69 /* 17.jpg */,
				9B3C61E31D8F7FBA001D3D69 /* 18.jpg */,
				9B3C61E41D8F7FBA001D3D69 /* 19.jpg */,
				9B3C61E51D8F7FBA001D3D69 /* 2.jpg */,
				9B3C61E61D8F7FBA001D3D69 /* 20.jpg */,
				9B3C61E71D8F7FBA001D3D69 /* 21.jpg */,
				9B3C61E81D8F7FBA001D3D69 /* 22.jpg */,
				9B3C61E91D8F7FBA001D3D69 /* 23.jpg */,
				9B3C61EA1D8F7FBA001D3D69 /* 24.jpg */,
				9B3C61EB1D8F7FBA001D3D69 /* 25.jpg */,
				9B3C61EC1D8F7FBA001D3D69 /* 26.jpg */,
				9B3C61ED1D8F7FBA001D3D69 /* 27.jpg */,
				9B3C61EE1D8F7FBA001D3D69 /* 28.jpg */,
				9B3C61EF1D8F7FBA001D3D69 /* 29.jpg */,
				9B3C61F01D8F7FBA001D3D69 /* 3.jpg */,
				9B3C61F11D8F7FBA001D3D69 /* 30.jpg */,
				9B3C61F21D8F7FBA001D3D69 /* 31.jpg */,
				9B3C61F31D8F7FBA001D3D69 /* 32.jpg */,
				9B3C61F41D8F7FBA001D3D69 /* 33.jpg */,
				9B3C61F51D8F7FBA001D3D69 /* 34.jpg */,
				9B3C61F61D8F7FBA001D3D69 /* 35.jpg */,
				9B3C61F71D8F7FBA001D3D69 /* 36.jpg */,
				9B3C61F81D8F7FBA001D3D69 /* 37.jpg */,
				9B3C61F91D8F7FBA001D3D69 /* 38.jpg */,
				9B3C61FA1D8F7FBA001D3D69 /* 39.jpg */,
				9B3C61FB1D8F7FBA001D3D69 /* 4.jpg */,
				9B3C61FC1D8F7FBA001D3D69 /* 40.jpg */,
				9B3C61FD1D8F7FBA001D3D69 /* 41.jpg */,
				9B3C61FE1D8F7FBA001D3D69 /* 42.jpg */,
				9B3C61FF1D8F7FBA001D3D69 /* 43.jpg */,
				9B3C62001D8F7FBA001D3D69 /* 44.jpg */,
				9B3C62011D8F7FBA001D3D69 /* 45.jpg */,
				9B3C62021D8F7FBA001D3D69 /* 46.jpg */,
				9B3C62031D8F7FBA001D3D69 /* 47.jpg */,
				9B3C62041D8F7FBA001D3D69 /* 48.jpg */,
				9B3C62051D8F7FBA001D3D69 /* 49.jpg */,
				9B3C62061D8F7FBA001D3D69 /* 5.jpg */,
				9B3C62071D8F7FBA001D3D69 /* 50.jpg */,
				9B3C62081D8F7FBA001D3D69 /* 51.jpg */,
				9B3C62091D8F7FBA001D3D69 /* 52.jpg */,
				9B3C620A1D8F7FBA001D3D69 /* 53.jpg */,
				9B3C620B1D8F7FBA001D3D69 /* 54.jpg */,
				9B3C620C1D8F7FBA001D3D69 /* 55.jpg */,
				9B3C620D1D8F7FBA001D3D69 /* 56.jpg */,
				9B3C620E1D8F7FBA001D3D69 /* 57.jpg */,
				9B3C620F1D8F7FBA001D3D69 /* 58.jpg */,
				9B3C62101D8F7FBA001D3D69 /* 59.jpg */,
				9B3C62111D8F7FBA001D3D69 /* 6.jpg */,
				9B3C62121D8F7FBA001D3D69 /* 60.jpg */,
				9B3C62131D8F7FBA001D3D69 /* 61.jpg */,
				9B3C62141D8F7FBA001D3D69 /* 62.jpg */,
				9B3C62151D8F7FBA001D3D69 /* 63.jpg */,
				9B3C62161D8F7FBA001D3D69 /* 64.jpg */,
				9B3C62171D8F7FBA001D3D69 /* 65.jpg */,
				9B3C62181D8F7FBA001D3D69 /* 66.jpg */,
				9B3C62191D8F7FBA001D3D69 /* 67.jpg */,
				9B3C621A1D8F7FBA001D3D69 /* 68.jpg */,
				9B3C621B1D8F7FBA001D3D69 /* 69.jpg */,
				9B3C621C1D8F7FBA001D3D69 /* 7.jpg */,
				9B3C621D1D8F7FBA001D3D69 /* 70.jpg */,
				9B3C621E1D8F7FBA001D3D69 /* 71.jpg */,
				9B3C621F1D8F7FBA001D3D69 /* 72.jpg */,
				9B3C62201D8F7FBA001D3D69 /* 73.jpg */,
				9B3C62211D8F7FBA001D3D69 /* 74.jpg */,
				9B3C62221D8F7FBA001D3D69 /* 75.jpg */,
				9B3C62231D8F7FBA001D3D69 /* 8.jpg */,
				9B3C62241D8F7FBA001D3D69 /* 9.jpg */,
			);
			path = 1_gif;
			sourceTree = "<group>";
		};
/* End PBXGroup section */

/* Begin PBXNativeTarget section */
		9B3C61B01D8F7D72001D3D69 /* Timer */ = {
			isa = PBXNativeTarget;
			buildConfigurationList = 9B3C61D31D8F7D72001D3D69 /* Build configuration list for PBXNativeTarget "Timer" */;
			buildPhases = (
				9B3C61AD1D8F7D72001D3D69 /* Sources */,
				9B3C61AE1D8F7D72001D3D69 /* Frameworks */,
				9B3C61AF1D8F7D72001D3D69 /* Resources */,
			);
			buildRules = (
			);
			dependencies = (
			);
			name = Timer;
			productName = Timer;
			productReference = 9B3C61B11D8F7D72001D3D69 /* Timer.app */;
			productType = "com.apple.product-type.application";
		};
		9B3C61C91D8F7D72001D3D69 /* TimerTests */ = {
			isa = PBXNativeTarget;
			buildConfigurationList = 9B3C61D61D8F7D72001D3D69 /* Build configuration list for PBXNativeTarget "TimerTests" */;
			buildPhases = (
				9B3C61C61D8F7D72001D3D69 /* Sources */,
				9B3C61C71D8F7D72001D3D69 /* Frameworks */,
				9B3C61C81D8F7D72001D3D69 /* Resources */,
			);
			buildRules = (
			);
			dependencies = (
				9B3C61CC1D8F7D72001D3D69 /* PBXTargetDependency */,
			);
			name = TimerTests;
			productName = TimerTests;
			productReference = 9B3C61CA1D8F7D72001D3D69 /* TimerTests.xctest */;
			productType = "com.apple.product-type.bundle.unit-test";
		};
/* End PBXNativeTarget section */

/* Begin PBXProject section */
		9B3C61A91D8F7D72001D3D69 /* Project object */ = {
			isa = PBXProject;
			attributes = {
				LastUpgradeCheck = 0720;
				ORGANIZATIONNAME = Wicky;
				TargetAttributes = {
					9B3C61B01D8F7D72001D3D69 = {
						CreatedOnToolsVersion = 7.2;
						DevelopmentTeam = Z26Y87B8NH;
					};
					9B3C61C91D8F7D72001D3D69 = {
						CreatedOnToolsVersion = 7.2;
						DevelopmentTeam = Z26Y87B8NH;
						TestTargetID = 9B3C61B01D8F7D72001D3D69;
					};
				};
			};
			buildConfigurationList = 9B3C61AC1D8F7D72001D3D69 /* Build configuration list for PBXProject "Timer" */;
			compatibilityVersion = "Xcode 3.2";
			developmentRegion = English;
			hasScannedForEncodings = 0;
			knownRegions = (
				en,
				Base,
			);
			mainGroup = 9B3C61A81D8F7D72001D3D69;
			productRefGroup = 9B3C61B21D8F7D72001D3D69 /* Products */;
			projectDirPath = "";
			projectRoot = "";
			targets = (
				9B3C61B01D8F7D72001D3D69 /* Timer */,
				9B3C61C91D8F7D72001D3D69 /* TimerTests */,
			);
		};
/* End PBXProject section */

/* Begin PBXResourcesBuildPhase section */
		9B3C61AF1D8F7D72001D3D69 /* Resources */ = {
			isa = PBXResourcesBuildPhase;
			buildActionMask = 2147483647;
			files = (
				9B3C62621D8F7FBA001D3D69 /* 65.jpg in Resources */,
				9B3C624E1D8F7FBA001D3D69 /* 47.jpg in Resources */,
				9B3C62481D8F7FBA001D3D69 /* 41.jpg in Resources */,
				9B3C622E1D8F7FBA001D3D69 /* 18.jpg in Resources */,
				9B3C62561D8F7FBA001D3D69 /* 54.jpg in Resources */,
				9B3C622A1D8F7FBA001D3D69 /* 14.jpg in Resources */,
				9B3C62261D8F7FBA001D3D69 /* 10.jpg in Resources */,
				9B3C62291D8F7FBA001D3D69 /* 13.jpg in Resources */,
				9B3C61C41D8F7D72001D3D69 /* LaunchScreen.storyboard in Resources */,
				9B3C62321D8F7FBA001D3D69 /* 21.jpg in Resources */,
				9B3C62401D8F7FBA001D3D69 /* 34.jpg in Resources */,
				9B3C62541D8F7FBA001D3D69 /* 52.jpg in Resources */,
				9B3C62511D8F7FBA001D3D69 /* 5.jpg in Resources */,
				9B3C62361D8F7FBA001D3D69 /* 25.jpg in Resources */,
				9B3C62281D8F7FBA001D3D69 /* 12.jpg in Resources */,
				9B3C626C1D8F7FBA001D3D69 /* 74.jpg in Resources */,
				9B3C62551D8F7FBA001D3D69 /* 53.jpg in Resources */,
				9B3C626D1D8F7FBA001D3D69 /* 75.jpg in Resources */,
				9B3C625D1D8F7FBA001D3D69 /* 60.jpg in Resources */,
				9B3C62671D8F7FBA001D3D69 /* 7.jpg in Resources */,
				9B3C62471D8F7FBA001D3D69 /* 40.jpg in Resources */,
				9B3C62641D8F7FBA001D3D69 /* 67.jpg in Resources */,
				9B3C622B1D8F7FBA001D3D69 /* 15.jpg in Resources */,
				9B3C62441D8F7FBA001D3D69 /* 38.jpg in Resources */,
				9B3C625A1D8F7FBA001D3D69 /* 58.jpg in Resources */,
				9B3C62311D8F7FBA001D3D69 /* 20.jpg in Resources */,
				9B3C62381D8F7FBA001D3D69 /* 27.jpg in Resources */,
				9B3C62661D8F7FBA001D3D69 /* 69.jpg in Resources */,
				9B3C62681D8F7FBA001D3D69 /* 70.jpg in Resources */,
				9B3C624D1D8F7FBA001D3D69 /* 46.jpg in Resources */,
				9B3C62521D8F7FBA001D3D69 /* 50.jpg in Resources */,
				9B3C62501D8F7FBA001D3D69 /* 49.jpg in Resources */,
				9B3C624F1D8F7FBA001D3D69 /* 48.jpg in Resources */,
				9B3C625C1D8F7FBA001D3D69 /* 6.jpg in Resources */,
				9B3C62251D8F7FBA001D3D69 /* 1.jpg in Resources */,
				9B3C626B1D8F7FBA001D3D69 /* 73.jpg in Resources */,
				9B3C62591D8F7FBA001D3D69 /* 57.jpg in Resources */,
				9B3C625B1D8F7FBA001D3D69 /* 59.jpg in Resources */,
				9B3C625E1D8F7FBA001D3D69 /* 61.jpg in Resources */,
				9B3C626F1D8F7FBA001D3D69 /* 9.jpg in Resources */,
				9B3C626A1D8F7FBA001D3D69 /* 72.jpg in Resources */,
				9B3C62611D8F7FBA001D3D69 /* 64.jpg in Resources */,
				9B3C62581D8F7FBA001D3D69 /* 56.jpg in Resources */,
				9B3C623C1D8F7FBA001D3D69 /* 30.jpg in Resources */,
				9B3C62341D8F7FBA001D3D69 /* 23.jpg in Resources */,
				9B3C622C1D8F7FBA001D3D69 /* 16.jpg in Resources */,
				9B3C623F1D8F7FBA001D3D69 /* 33.jpg in Resources */,
				9B3C622F1D8F7FBA001D3D69 /* 19.jpg in Resources */,
				9B3C624B1D8F7FBA001D3D69 /* 44.jpg in Resources */,
				9B3C624A1D8F7FBA001D3D69 /* 43.jpg in Resources */,
				9B3C62691D8F7FBA001D3D69 /* 71.jpg in Resources */,
				9B3C623A1D8F7FBA001D3D69 /* 29.jpg in Resources */,
				9B3C62571D8F7FBA001D3D69 /* 55.jpg in Resources */,
				9B3C624C1D8F7FBA001D3D69 /* 45.jpg in Resources */,
				9B3C623D1D8F7FBA001D3D69 /* 31.jpg in Resources */,
				9B3C62451D8F7FBA001D3D69 /* 39.jpg in Resources */,
				9B3C626E1D8F7FBA001D3D69 /* 8.jpg in Resources */,
				9B3C62391D8F7FBA001D3D69 /* 28.jpg in Resources */,
				9B3C623B1D8F7FBA001D3D69 /* 3.jpg in Resources */,
				9B3C62531D8F7FBA001D3D69 /* 51.jpg in Resources */,
				9B3C62271D8F7FBA001D3D69 /* 11.jpg in Resources */,
				9B3C623E1D8F7FBA001D3D69 /* 32.jpg in Resources */,
				9B3C625F1D8F7FBA001D3D69 /* 62.jpg in Resources */,
				9B3C622D1D8F7FBA001D3D69 /* 17.jpg in Resources */,
				9B3C62351D8F7FBA001D3D69 /* 24.jpg in Resources */,
				9B3C62371D8F7FBA001D3D69 /* 26.jpg in Resources */,
				9B3C62421D8F7FBA001D3D69 /* 36.jpg in Resources */,
				9B3C62461D8F7FBA001D3D69 /* 4.jpg in Resources */,
				9B3C62631D8F7FBA001D3D69 /* 66.jpg in Resources */,
				9B3C62301D8F7FBA001D3D69 /* 2.jpg in Resources */,
				9B3C62431D8F7FBA001D3D69 /* 37.jpg in Resources */,
				9B3C62601D8F7FBA001D3D69 /* 63.jpg in Resources */,
				9B3C62491D8F7FBA001D3D69 /* 42.jpg in Resources */,
				9B3C62331D8F7FBA001D3D69 /* 22.jpg in Resources */,
				9B3C62411D8F7FBA001D3D69 /* 35.jpg in Resources */,
				9B3C61C11D8F7D72001D3D69 /* Assets.xcassets in Resources */,
				9B3C61BF1D8F7D72001D3D69 /* Main.storyboard in Resources */,
				9B3C62651D8F7FBA001D3D69 /* 68.jpg in Resources */,
			);
			runOnlyForDeploymentPostprocessing = 0;
		};
		9B3C61C81D8F7D72001D3D69 /* Resources */ = {
			isa = PBXResourcesBuildPhase;
			buildActionMask = 2147483647;
			files = (
			);
			runOnlyForDeploymentPostprocessing = 0;
		};
/* End PBXResourcesBuildPhase section */

/* Begin PBXSourcesBuildPhase section */
		9B3C61AD1D8F7D72001D3D69 /* Sources */ = {
			isa = PBXSourcesBuildPhase;
			buildActionMask = 2147483647;
			files = (
				9BA274921D912399005B62AC /* RunloopViewController.m in Sources */,
				9B3C61BC1D8F7D72001D3D69 /* ViewController.m in Sources */,
				9B3C61B91D8F7D72001D3D69 /* AppDelegate.m in Sources */,
				9B3C61B61D8F7D72001D3D69 /* main.m in Sources */,
			);
			runOnlyForDeploymentPostprocessing = 0;
		};
		9B3C61C61D8F7D72001D3D69 /* Sources */ = {
			isa = PBXSourcesBuildPhase;
			buildActionMask = 2147483647;
			files = (
				9B3C61CF1D8F7D72001D3D69 /* TimerTests.m in Sources */,
			);
			runOnlyForDeploymentPostprocessing = 0;
		};
/* End PBXSourcesBuildPhase section */

/* Begin PBXTargetDependency section */
		9B3C61CC1D8F7D72001D3D69 /* PBXTargetDependency */ = {
			isa = PBXTargetDependency;
			target = 9B3C61B01D8F7D72001D3D69 /* Timer */;
			targetProxy = 9B3C61CB1D8F7D72001D3D69 /* PBXContainerItemProxy */;
		};
/* End PBXTargetDependency section */

/* Begin PBXVariantGroup section */
		9B3C61BD1D8F7D72001D3D69 /* Main.storyboard */ = {
			isa = PBXVariantGroup;
			children = (
				9B3C61BE1D8F7D72001D3D69 /* Base */,
			);
			name = Main.storyboard;
			sourceTree = "<group>";
		};
		9B3C61C21D8F7D72001D3D69 /* LaunchScreen.storyboard */ = {
			isa = PBXVariantGroup;
			children = (
				9B3C61C31D8F7D72001D3D69 /* Base */,
			);
			name = LaunchScreen.storyboard;
			sourceTree = "<group>";
		};
/* End PBXVariantGroup section */

/* Begin XCBuildConfiguration section */
		9B3C61D11D8F7D72001D3D69 /* Debug */ = {
			isa = XCBuildConfiguration;
			buildSettings = {
				ALWAYS_SEARCH_USER_PATHS = NO;
				CLANG_CXX_LANGUAGE_STANDARD = "gnu++0x";
				CLANG_CXX_LIBRARY = "libc++";
				CLANG_ENABLE_MODULES = YES;
				CLANG_ENABLE_OBJC_ARC = YES;
				CLANG_WARN_BOOL_CONVERSION = YES;
				CLANG_WARN_CONSTANT_CONVERSION = YES;
				CLANG_WARN_DIRECT_OBJC_ISA_USAGE = YES_ERROR;
				CLANG_WARN_EMPTY_BODY = YES;
				CLANG_WARN_ENUM_CONVERSION = YES;
				CLANG_WARN_INT_CONVERSION = YES;
				CLANG_WARN_OBJC_ROOT_CLASS = YES_ERROR;
				CLANG_WARN_UNREACHABLE_CODE = YES;
				CLANG_WARN__DUPLICATE_METHOD_MATCH = YES;
				"CODE_SIGN_IDENTITY[sdk=iphoneos*]" = "iPhone Developer";
				COPY_PHASE_STRIP = NO;
				DEBUG_INFORMATION_FORMAT = dwarf;
				ENABLE_STRICT_OBJC_MSGSEND = YES;
				ENABLE_TESTABILITY = YES;
				GCC_C_LANGUAGE_STANDARD = gnu99;
				GCC_DYNAMIC_NO_PIC = NO;
				GCC_NO_COMMON_BLOCKS = YES;
				GCC_OPTIMIZATION_LEVEL = 0;
				GCC_PREPROCESSOR_DEFINITIONS = (
					"DEBUG=1",
					"$(inherited)",
				);
				GCC_WARN_64_TO_32_BIT_CONVERSION = YES;
				GCC_WARN_ABOUT_RETURN_TYPE = YES_ERROR;
				GCC_WARN_UNDECLARED_SELECTOR = YES;
				GCC_WARN_UNINITIALIZED_AUTOS = YES_AGGRESSIVE;
				GCC_WARN_UNUSED_FUNCTION = YES;
				GCC_WARN_UNUSED_VARIABLE = YES;
				IPHONEOS_DEPLOYMENT_TARGET = 9.2;
				MTL_ENABLE_DEBUG_INFO = YES;
				ONLY_ACTIVE_ARCH = YES;
				SDKROOT = iphoneos;
				TARGETED_DEVICE_FAMILY = "1,2";
			};
			name = Debug;
		};
		9B3C61D21D8F7D72001D3D69 /* Release */ = {
			isa = XCBuildConfiguration;
			buildSettings = {
				ALWAYS_SEARCH_USER_PATHS = NO;
				CLANG_CXX_LANGUAGE_STANDARD = "gnu++0x";
				CLANG_CXX_LIBRARY = "libc++";
				CLANG_ENABLE_MODULES = YES;
				CLANG_ENABLE_OBJC_ARC = YES;
				CLANG_WARN_BOOL_CONVERSION = YES;
				CLANG_WARN_CONSTANT_CONVERSION = YES;
				CLANG_WARN_DIRECT_OBJC_ISA_USAGE = YES_ERROR;
				CLANG_WARN_EMPTY_BODY = YES;
				CLANG_WARN_ENUM_CONVERSION = YES;
				CLANG_WARN_INT_CONVERSION = YES;
				CLANG_WARN_OBJC_ROOT_CLASS = YES_ERROR;
				CLANG_WARN_UNREACHABLE_CODE = YES;
				CLANG_WARN__DUPLICATE_METHOD_MATCH = YES;
				"CODE_SIGN_IDENTITY[sdk=iphoneos*]" = "iPhone Developer";
				COPY_PHASE_STRIP = NO;
				DEBUG_INFORMATION_FORMAT = "dwarf-with-dsym";
				ENABLE_NS_ASSERTIONS = NO;
				ENABLE_STRICT_OBJC_MSGSEND = YES;
				GCC_C_LANGUAGE_STANDARD = gnu99;
				GCC_NO_COMMON_BLOCKS = YES;
				GCC_WARN_64_TO_32_BIT_CONVERSION = YES;
				GCC_WARN_ABOUT_RETURN_TYPE = YES_ERROR;
				GCC_WARN_UNDECLARED_SELECTOR = YES;
				GCC_WARN_UNINITIALIZED_AUTOS = YES_AGGRESSIVE;
				GCC_WARN_UNUSED_FUNCTION = YES;
				GCC_WARN_UNUSED_VARIABLE = YES;
				IPHONEOS_DEPLOYMENT_TARGET = 9.2;
				MTL_ENABLE_DEBUG_INFO = NO;
				SDKROOT = iphoneos;
				TARGETED_DEVICE_FAMILY = "1,2";
				VALIDATE_PRODUCT = YES;
			};
			name = Release;
		};
		9B3C61D41D8F7D72001D3D69 /* Debug */ = {
			isa = XCBuildConfiguration;
			buildSettings = {
				ASSETCATALOG_COMPILER_APPICON_NAME = AppIcon;
				INFOPLIST_FILE = Timer/Info.plist;
				LD_RUNPATH_SEARCH_PATHS = "$(inherited) @executable_path/Frameworks";
				PRODUCT_BUNDLE_IDENTIFIER = WickySoft.Timer;
				PRODUCT_NAME = "$(TARGET_NAME)";
			};
			name = Debug;
		};
		9B3C61D51D8F7D72001D3D69 /* Release */ = {
			isa = XCBuildConfiguration;
			buildSettings = {
				ASSETCATALOG_COMPILER_APPICON_NAME = AppIcon;
				INFOPLIST_FILE = Timer/Info.plist;
				LD_RUNPATH_SEARCH_PATHS = "$(inherited) @executable_path/Frameworks";
				PRODUCT_BUNDLE_IDENTIFIER = WickySoft.Timer;
				PRODUCT_NAME = "$(TARGET_NAME)";
			};
			name = Release;
		};
		9B3C61D71D8F7D72001D3D69 /* Debug */ = {
			isa = XCBuildConfiguration;
			buildSettings = {
				BUNDLE_LOADER = "$(TEST_HOST)";
				INFOPLIST_FILE = TimerTests/Info.plist;
				LD_RUNPATH_SEARCH_PATHS = "$(inherited) @executable_path/Frameworks @loader_path/Frameworks";
				PRODUCT_BUNDLE_IDENTIFIER = WickySoft.TimerTests;
				PRODUCT_NAME = "$(TARGET_NAME)";
				TEST_HOST = "$(BUILT_PRODUCTS_DIR)/Timer.app/Timer";
			};
			name = Debug;
		};
		9B3C61D81D8F7D72001D3D69 /* Release */ = {
			isa = XCBuildConfiguration;
			buildSettings = {
				BUNDLE_LOADER = "$(TEST_HOST)";
				INFOPLIST_FILE = TimerTests/Info.plist;
				LD_RUNPATH_SEARCH_PATHS = "$(inherited) @executable_path/Frameworks @loader_path/Frameworks";
				PRODUCT_BUNDLE_IDENTIFIER = WickySoft.TimerTests;
				PRODUCT_NAME = "$(TARGET_NAME)";
				TEST_HOST = "$(BUILT_PRODUCTS_DIR)/Timer.app/Timer";
			};
			name = Release;
		};
/* End XCBuildConfiguration section */

/* Begin XCConfigurationList section */
		9B3C61AC1D8F7D72001D3D69 /* Build configuration list for PBXProject "Timer" */ = {
			isa = XCConfigurationList;
			buildConfigurations = (
				9B3C61D11D8F7D72001D3D69 /* Debug */,
				9B3C61D21D8F7D72001D3D69 /* Release */,
			);
			defaultConfigurationIsVisible = 0;
			defaultConfigurationName = Release;
		};
		9B3C61D31D8F7D72001D3D69 /* Build configuration list for PBXNativeTarget "Timer" */ = {
			isa = XCConfigurationList;
			buildConfigurations = (
				9B3C61D41D8F7D72001D3D69 /* Debug */,
				9B3C61D51D8F7D72001D3D69 /* Release */,
			);
			defaultConfigurationIsVisible = 0;
			defaultConfigurationName = Release;
		};
		9B3C61D61D8F7D72001D3D69 /* Build configuration list for PBXNativeTarget "TimerTests" */ = {
			isa = XCConfigurationList;
			buildConfigurations = (
				9B3C61D71D8F7D72001D3D69 /* Debug */,
				9B3C61D81D8F7D72001D3D69 /* Release */,
			);
			defaultConfigurationIsVisible = 0;
			defaultConfigurationName = Release;
		};
/* End XCConfigurationList section */
	};
	rootObject = 9B3C61A91D8F7D72001D3D69 /* Project object */;
}
